
Microsoft Visual Studio Solution File, Format Version 12.00
# Visual Studio Version 16
VisualStudioVersion = 16.0.31702.278
MinimumVisualStudioVersion = 10.0.40219.1
Project("{FAE04EC0-301F-11D3-BF4B-00C04F79EFBC}") = "SudokuSolution.Domain", "SudokuSolution.Domain\SudokuSolution.Domain.csproj", "{A424FAA3-FBB2-456A-BC9E-93CA315704FC}"
EndProject
Project("{FAE04EC0-301F-11D3-BF4B-00C04F79EFBC}") = "SudokuSolution.Logic", "SudokuSolution.Logic\SudokuSolution.Logic.csproj", "{738F5F9D-27CC-498D-913E-B31C786FF209}"
EndProject
Project("{FAE04EC0-301F-11D3-BF4B-00C04F79EFBC}") = "SudokuSolution.Common", "SudokuSolution.Common\SudokuSolution.Common.csproj", "{3708CCAC-4A43-4B14-98C9-86A4F5CCE3AA}"
EndProject
Project("{FAE04EC0-301F-11D3-BF4B-00C04F79EFBC}") = "SudokuSolution.Test", "SudokuSolution.Test\SudokuSolution.Test.csproj", "{BE650AC0-EEF5-4C2C-BF59-F6470AF3C389}"
EndProject
Project("{FAE04EC0-301F-11D3-BF4B-00C04F79EFBC}") = "SudokuSolution.Console", "SudokuSolution.Console\SudokuSolution.Console.csproj", "{94DFEDC1-31BA-485E-94CF-A97D5AC3AADC}"
EndProject
Project("{FAE04EC0-301F-11D3-BF4B-00C04F79EFBC}") = "SudokuSolution.Wpf", "SudokuSolution.Wpf\SudokuSolution.Wpf.csproj", "{C8E26766-C24F-4761-8A3C-5AEF98D1735B}"
EndProject
Project("{FAE04EC0-301F-11D3-BF4B-00C04F79EFBC}") = "SudokuSolution.Wpf.Common", "SudokuSolution.Wpf.Common\SudokuSolution.Wpf.Common.csproj", "{439DABAB-7D46-4684-B2A5-DFF9E65459B7}"
EndProject
Global
	GlobalSection(SolutionConfigurationPlatforms) = preSolution
		Debug|Any CPU = Debug|Any CPU
		Release|Any CPU = Release|Any CPU
	EndGlobalSection
	GlobalSection(ProjectConfigurationPlatforms) = postSolution
		{A424FAA3-FBB2-456A-BC9E-93CA315704FC}.Debug|Any CPU.ActiveCfg = Debug|Any CPU
		{A424FAA3-FBB2-456A-BC9E-93CA315704FC}.Debug|Any CPU.Build.0 = Debug|Any CPU
		{A424FAA3-FBB2-456A-BC9E-93CA315704FC}.Release|Any CPU.ActiveCfg = Release|Any CPU
		{A424FAA3-FBB2-456A-BC9E-93CA315704FC}.Release|Any CPU.Build.0 = Release|Any CPU
		{738F5F9D-27CC-498D-913E-B31C786FF209}.Debug|Any CPU.ActiveCfg = Debug|Any CPU
		{738F5F9D-27CC-498D-913E-B31C786FF209}.Debug|Any CPU.Build.0 = Debug|Any CPU
		{738F5F9D-27CC-498D-913E-B31C786FF209}.Release|Any CPU.ActiveCfg = Release|Any CPU
		{738F5F9D-27CC-498D-913E-B31C786FF209}.Release|Any CPU.Build.0 = Release|Any CPU
		{3708CCAC-4A43-4B14-98C9-86A4F5CCE3AA}.Debug|Any CPU.ActiveCfg = Debug|Any CPU
		{3708CCAC-4A43-4B14-98C9-86A4F5CCE3AA}.Debug|Any CPU.Build.0 = Debug|Any CPU
		{3708CCAC-4A43-4B14-98C9-86A4F5CCE3AA}.Release|Any CPU.ActiveCfg = Release|Any CPU
		{3708CCAC-4A43-4B14-98C9-86A4F5CCE3AA}.Release|Any CPU.Build.0 = Release|Any CPU
		{BE650AC0-EEF5-4C2C-BF59-F6470AF3C389}.Debug|Any CPU.ActiveCfg = Debug|Any CPU
		{BE650AC0-EEF5-4C2C-BF59-F6470AF3C389}.Debug|Any CPU.Build.0 = Debug|Any CPU
		{BE650AC0-EEF5-4C2C-BF59-F6470AF3C389}.Release|Any CPU.ActiveCfg = Release|Any CPU
		{BE650AC0-EEF5-4C2C-BF59-F6470AF3C389}.Release|Any CPU.Build.0 = Release|Any CPU
		{94DFEDC1-31BA-485E-94CF-A97D5AC3AADC}.Debug|Any CPU.ActiveCfg = Debug|Any CPU
		{94DFEDC1-31BA-485E-94CF-A97D5AC3AADC}.Debug|Any CPU.Build.0 = Debug|Any CPU
		{94DFEDC1-31BA-485E-94CF-A97D5AC3AADC}.Release|Any CPU.ActiveCfg = Release|Any CPU
		{94DFEDC1-31BA-485E-94CF-A97D5AC3AADC}.Release|Any CPU.Build.0 = Release|Any CPU
		{C8E26766-C24F-4761-8A3C-5AEF98D1735B}.Debug|Any CPU.ActiveCfg = Debug|Any CPU
		{C8E26766-C24F-4761-8A3C-5AEF98D1735B}.Debug|Any CPU.Build.0 = Debug|Any CPU
		{C8E26766-C24F-4761-8A3C-5AEF98D1735B}.Release|Any CPU.ActiveCfg = Release|Any CPU
		{C8E26766-C24F-4761-8A3C-5AEF98D1735B}.Release|Any CPU.Build.0 = Release|Any CPU
		{439DABAB-7D46-4684-B2A5-DFF9E65459B7}.Debug|Any CPU.ActiveCfg = Debug|Any CPU
		{439DABAB-7D46-4684-B2A5-DFF9E65459B7}.Debug|Any CPU.Build.0 = Debug|Any CPU
		{439DABAB-7D46-4684-B2A5-DFF9E65459B7}.Release|Any CPU.ActiveCfg = Release|Any CPU
		{439DABAB-7D46-4684-B2A5-DFF9E65459B7}.Release|Any CPU.Build.0 = Release|Any CPU
	EndGlobalSection
	GlobalSection(SolutionProperties) = preSolution
		HideSolutionNode = FALSE
	EndGlobalSection
	GlobalSection(ExtensibilityGlobals) = postSolution
		SolutionGuid = {72CB0441-49F7-40B6-8248-8D7F3B1544A9}
	EndGlobalSection
EndGlobal
